
Microsoft Visual Studio Solution File, Format Version 12.00
# Visual Studio Version 17
VisualStudioVersion = 17.6.33723.286
MinimumVisualStudioVersion = 10.0.40219.1
Project("{FAE04EC0-301F-11D3-BF4B-00C04F79EFBC}") = "Rediscuss.WebApi", "Rediscuss.WebApi\Rediscuss.WebApi.csproj", "{67221125-12EF-4E08-8947-82A934ACD4B3}"
EndProject
Project("{FAE04EC0-301F-11D3-BF4B-00C04F79EFBC}") = "Rediscuss.Model", "Rediscuss.Model\Rediscuss.Model.csproj", "{420AF52D-F2FF-4202-929F-E8B6C8D569FF}"
EndProject
Project("{FAE04EC0-301F-11D3-BF4B-00C04F79EFBC}") = "Rediscuss.DataAccsess", "Rediscuss.DataAccsess\Rediscuss.DataAccsess.csproj", "{9BC6A4B6-A6BC-405F-AA27-EBBEF0F952EC}"
EndProject
Project("{FAE04EC0-301F-11D3-BF4B-00C04F79EFBC}") = "Rediscuss.Business", "Rediscuss.Business\Rediscuss.Business.csproj", "{712A607E-9858-431E-9201-3F5DAE636EFF}"
EndProject
Project("{9A19103F-16F7-4668-BE54-9A1E7A4F7556}") = "Infrastructure", "..\WS\Infrastructure\Infrastructure.csproj", "{9648B8F1-D827-47CE-9CCD-BDE26A2A91F6}"
EndProject
Global
	GlobalSection(SolutionConfigurationPlatforms) = preSolution
		Debug|Any CPU = Debug|Any CPU
		Release|Any CPU = Release|Any CPU
	EndGlobalSection
	GlobalSection(ProjectConfigurationPlatforms) = postSolution
		{67221125-12EF-4E08-8947-82A934ACD4B3}.Debug|Any CPU.ActiveCfg = Debug|Any CPU
		{67221125-12EF-4E08-8947-82A934ACD4B3}.Debug|Any CPU.Build.0 = Debug|Any CPU
		{67221125-12EF-4E08-8947-82A934ACD4B3}.Release|Any CPU.ActiveCfg = Release|Any CPU
		{67221125-12EF-4E08-8947-82A934ACD4B3}.Release|Any CPU.Build.0 = Release|Any CPU
		{420AF52D-F2FF-4202-929F-E8B6C8D569FF}.Debug|Any CPU.ActiveCfg = Debug|Any CPU
		{420AF52D-F2FF-4202-929F-E8B6C8D569FF}.Debug|Any CPU.Build.0 = Debug|Any CPU
		{420AF52D-F2FF-4202-929F-E8B6C8D569FF}.Release|Any CPU.ActiveCfg = Release|Any CPU
		{420AF52D-F2FF-4202-929F-E8B6C8D569FF}.Release|Any CPU.Build.0 = Release|Any CPU
		{9BC6A4B6-A6BC-405F-AA27-EBBEF0F952EC}.Debug|Any CPU.ActiveCfg = Debug|Any CPU
		{9BC6A4B6-A6BC-405F-AA27-EBBEF0F952EC}.Debug|Any CPU.Build.0 = Debug|Any CPU
		{9BC6A4B6-A6BC-405F-AA27-EBBEF0F952EC}.Release|Any CPU.ActiveCfg = Release|Any CPU
		{9BC6A4B6-A6BC-405F-AA27-EBBEF0F952EC}.Release|Any CPU.Build.0 = Release|Any CPU
		{712A607E-9858-431E-9201-3F5DAE636EFF}.Debug|Any CPU.ActiveCfg = Debug|Any CPU
		{712A607E-9858-431E-9201-3F5DAE636EFF}.Debug|Any CPU.Build.0 = Debug|Any CPU
		{712A607E-9858-431E-9201-3F5DAE636EFF}.Release|Any CPU.ActiveCfg = Release|Any CPU
		{712A607E-9858-431E-9201-3F5DAE636EFF}.Release|Any CPU.Build.0 = Release|Any CPU
		{9648B8F1-D827-47CE-9CCD-BDE26A2A91F6}.Debug|Any CPU.ActiveCfg = Debug|Any CPU
		{9648B8F1-D827-47CE-9CCD-BDE26A2A91F6}.Debug|Any CPU.Build.0 = Debug|Any CPU
		{9648B8F1-D827-47CE-9CCD-BDE26A2A91F6}.Release|Any CPU.ActiveCfg = Release|Any CPU
		{9648B8F1-D827-47CE-9CCD-BDE26A2A91F6}.Release|Any CPU.Build.0 = Release|Any CPU
	EndGlobalSection
	GlobalSection(SolutionProperties) = preSolution
		HideSolutionNode = FALSE
	EndGlobalSection
	GlobalSection(ExtensibilityGlobals) = postSolution
		SolutionGuid = {3F3985BA-3E45-4638-9631-BE24C5DB5DAB}
	EndGlobalSection
EndGlobal
